// !$*UTF8*$!
{
	archiveVersion = 1;
	classes = {
	};
	objectVersion = 55;
	objects = {

/* Begin PBXBuildFile section */
		0B91DBB3283A6BD800755658 /* ViewControllerManager.swift in Sources */ = {isa = PBXBuildFile; fileRef = 0B91DBB2283A6BD800755658 /* ViewControllerManager.swift */; };
		0B91DBB5283A73F300755658 /* Coordinator.swift in Sources */ = {isa = PBXBuildFile; fileRef = 0B91DBB4283A73F300755658 /* Coordinator.swift */; };
		0BC24A10283997A900689AA4 /* SwiftUtils.swift in Sources */ = {isa = PBXBuildFile; fileRef = 0BC24A0F283997A900689AA4 /* SwiftUtils.swift */; };
		0BC24A282839A67E00689AA4 /* Variable.swift in Sources */ = {isa = PBXBuildFile; fileRef = 0BC24A272839A67E00689AA4 /* Variable.swift */; };
		0BC24A2A2839A7D200689AA4 /* VarExempleVMVC.swift in Sources */ = {isa = PBXBuildFile; fileRef = 0BC24A292839A7D200689AA4 /* VarExempleVMVC.swift */; };
/* End PBXBuildFile section */

/* Begin PBXCopyFilesBuildPhase section */
		0BC24A0A283997A900689AA4 /* CopyFiles */ = {
			isa = PBXCopyFilesBuildPhase;
			buildActionMask = 2147483647;
			dstPath = "include/$(PRODUCT_NAME)";
			dstSubfolderSpec = 16;
			files = (
			);
			runOnlyForDeploymentPostprocessing = 0;
		};
/* End PBXCopyFilesBuildPhase section */

/* Begin PBXFileReference section */
		0B91DBB2283A6BD800755658 /* ViewControllerManager.swift */ = {isa = PBXFileReference; lastKnownFileType = sourcecode.swift; path = ViewControllerManager.swift; sourceTree = "<group>"; };
		0B91DBB4283A73F300755658 /* Coordinator.swift */ = {isa = PBXFileReference; lastKnownFileType = sourcecode.swift; path = Coordinator.swift; sourceTree = "<group>"; };
		0BC24A0C283997A900689AA4 /* libSwiftUtils.a */ = {isa = PBXFileReference; explicitFileType = archive.ar; includeInIndex = 0; path = libSwiftUtils.a; sourceTree = BUILT_PRODUCTS_DIR; };
		0BC24A0F283997A900689AA4 /* SwiftUtils.swift */ = {isa = PBXFileReference; lastKnownFileType = sourcecode.swift; path = SwiftUtils.swift; sourceTree = "<group>"; };
		0BC24A252839A59000689AA4 /* Carousel */ = {isa = PBXFileReference; lastKnownFileType = folder; path = Carousel; sourceTree = "<group>"; };
		0BC24A272839A67E00689AA4 /* Variable.swift */ = {isa = PBXFileReference; lastKnownFileType = sourcecode.swift; path = Variable.swift; sourceTree = "<group>"; };
		0BC24A292839A7D200689AA4 /* VarExempleVMVC.swift */ = {isa = PBXFileReference; lastKnownFileType = sourcecode.swift; path = VarExempleVMVC.swift; sourceTree = "<group>"; };
/* End PBXFileReference section */

/* Begin PBXFrameworksBuildPhase section */
		0BC24A09283997A900689AA4 /* Frameworks */ = {
			isa = PBXFrameworksBuildPhase;
			buildActionMask = 2147483647;
			files = (
			);
			runOnlyForDeploymentPostprocessing = 0;
		};
/* End PBXFrameworksBuildPhase section */

/* Begin PBXGroup section */
		0B91DBB1283A6BA400755658 /* Navigation */ = {
			isa = PBXGroup;
			children = (
				0B91DBB2283A6BD800755658 /* ViewControllerManager.swift */,
				0B91DBB4283A73F300755658 /* Coordinator.swift */,
			);
			path = Navigation;
			sourceTree = "<group>";
		};
		0BC24A03283997A900689AA4 = {
			isa = PBXGroup;
			children = (
				0BC24A0E283997A900689AA4 /* SwiftUtils */,
				0BC24A0D283997A900689AA4 /* Products */,
			);
			sourceTree = "<group>";
		};
		0BC24A0D283997A900689AA4 /* Products */ = {
			isa = PBXGroup;
			children = (
				0BC24A0C283997A900689AA4 /* libSwiftUtils.a */,
			);
			name = Products;
			sourceTree = "<group>";
		};
		0BC24A0E283997A900689AA4 /* SwiftUtils */ = {
			isa = PBXGroup;
			children = (
				0B91DBB1283A6BA400755658 /* Navigation */,
				0BC24A262839A65D00689AA4 /* ViewModel */,
				0BC24A252839A59000689AA4 /* Carousel */,
				0BC24A16283997C700689AA4 /* Extensions */,
				0BC24A0F283997A900689AA4 /* SwiftUtils.swift */,
			);
			path = SwiftUtils;
			sourceTree = "<group>";
		};
		0BC24A16283997C700689AA4 /* Extensions */ = {
			isa = PBXGroup;
			children = (
			);
			path = Extensions;
			sourceTree = "<group>";
		};
		0BC24A262839A65D00689AA4 /* ViewModel */ = {
			isa = PBXGroup;
			children = (
				0BC24A272839A67E00689AA4 /* Variable.swift */,
				0BC24A292839A7D200689AA4 /* VarExempleVMVC.swift */,
			);
			path = ViewModel;
			sourceTree = "<group>";
		};
/* End PBXGroup section */

/* Begin PBXNativeTarget section */
		0BC24A0B283997A900689AA4 /* SwiftUtils */ = {
			isa = PBXNativeTarget;
			buildConfigurationList = 0BC24A13283997A900689AA4 /* Build configuration list for PBXNativeTarget "SwiftUtils" */;
			buildPhases = (
				0BC24A08283997A900689AA4 /* Sources */,
				0BC24A09283997A900689AA4 /* Frameworks */,
				0BC24A0A283997A900689AA4 /* CopyFiles */,
			);
			buildRules = (
			);
			dependencies = (
			);
			name = SwiftUtils;
			productName = SwiftUtils;
			productReference = 0BC24A0C283997A900689AA4 /* libSwiftUtils.a */;
			productType = "com.apple.product-type.library.static";
		};
/* End PBXNativeTarget section */

/* Begin PBXProject section */
		0BC24A04283997A900689AA4 /* Project object */ = {
			isa = PBXProject;
			attributes = {
				BuildIndependentTargetsInParallel = 1;
				LastSwiftUpdateCheck = 1340;
				LastUpgradeCheck = 1340;
				TargetAttributes = {
					0BC24A0B283997A900689AA4 = {
						CreatedOnToolsVersion = 13.4;
					};
				};
			};
			buildConfigurationList = 0BC24A07283997A900689AA4 /* Build configuration list for PBXProject "SwiftUtils" */;
			compatibilityVersion = "Xcode 13.0";
			developmentRegion = en;
			hasScannedForEncodings = 0;
			knownRegions = (
				en,
				Base,
			);
			mainGroup = 0BC24A03283997A900689AA4;
			productRefGroup = 0BC24A0D283997A900689AA4 /* Products */;
			projectDirPath = "";
			projectRoot = "";
			targets = (
				0BC24A0B283997A900689AA4 /* SwiftUtils */,
			);
		};
/* End PBXProject section */

/* Begin PBXSourcesBuildPhase section */
		0BC24A08283997A900689AA4 /* Sources */ = {
			isa = PBXSourcesBuildPhase;
			buildActionMask = 2147483647;
			files = (
				0B91DBB3283A6BD800755658 /* ViewControllerManager.swift in Sources */,
				0BC24A10283997A900689AA4 /* SwiftUtils.swift in Sources */,
				0B91DBB5283A73F300755658 /* Coordinator.swift in Sources */,
				0BC24A2A2839A7D200689AA4 /* VarExempleVMVC.swift in Sources */,
				0BC24A282839A67E00689AA4 /* Variable.swift in Sources */,
			);
			runOnlyForDeploymentPostprocessing = 0;
		};
/* End PBXSourcesBuildPhase section */

/* Begin XCBuildConfiguration section */
		0BC24A11283997A900689AA4 /* Debug */ = {
			isa = XCBuildConfiguration;
			buildSettings = {
				ALWAYS_SEARCH_USER_PATHS = NO;
				CLANG_ANALYZER_NONNULL = YES;
				CLANG_ANALYZER_NUMBER_OBJECT_CONVERSION = YES_AGGRESSIVE;
				CLANG_CXX_LANGUAGE_STANDARD = "gnu++17";
				CLANG_ENABLE_MODULES = YES;
				CLANG_ENABLE_OBJC_ARC = YES;
				CLANG_ENABLE_OBJC_WEAK = YES;
				CLANG_WARN_BLOCK_CAPTURE_AUTORELEASING = YES;
				CLANG_WARN_BOOL_CONVERSION = YES;
				CLANG_WARN_COMMA = YES;
				CLANG_WARN_CONSTANT_CONVERSION = YES;
				CLANG_WARN_DEPRECATED_OBJC_IMPLEMENTATIONS = YES;
				CLANG_WARN_DIRECT_OBJC_ISA_USAGE = YES_ERROR;
				CLANG_WARN_DOCUMENTATION_COMMENTS = YES;
				CLANG_WARN_EMPTY_BODY = YES;
				CLANG_WARN_ENUM_CONVERSION = YES;
				CLANG_WARN_INFINITE_RECURSION = YES;
				CLANG_WARN_INT_CONVERSION = YES;
				CLANG_WARN_NON_LITERAL_NULL_CONVERSION = YES;
				CLANG_WARN_OBJC_IMPLICIT_RETAIN_SELF = YES;
				CLANG_WARN_OBJC_LITERAL_CONVERSION = YES;
				CLANG_WARN_OBJC_ROOT_CLASS = YES_ERROR;
				CLANG_WARN_QUOTED_INCLUDE_IN_FRAMEWORK_HEADER = YES;
				CLANG_WARN_RANGE_LOOP_ANALYSIS = YES;
				CLANG_WARN_STRICT_PROTOTYPES = YES;
				CLANG_WARN_SUSPICIOUS_MOVE = YES;
				CLANG_WARN_UNGUARDED_AVAILABILITY = YES_AGGRESSIVE;
				CLANG_WARN_UNREACHABLE_CODE = YES;
				CLANG_WARN__DUPLICATE_METHOD_MATCH = YES;
				COPY_PHASE_STRIP = NO;
				DEBUG_INFORMATION_FORMAT = dwarf;
				ENABLE_STRICT_OBJC_MSGSEND = YES;
				ENABLE_TESTABILITY = YES;
				GCC_C_LANGUAGE_STANDARD = gnu11;
				GCC_DYNAMIC_NO_PIC = NO;
				GCC_NO_COMMON_BLOCKS = YES;
				GCC_OPTIMIZATION_LEVEL = 0;
				GCC_PREPROCESSOR_DEFINITIONS = (
					"DEBUG=1",
					"$(inherited)",
				);
				GCC_WARN_64_TO_32_BIT_CONVERSION = YES;
				GCC_WARN_ABOUT_RETURN_TYPE = YES_ERROR;
				GCC_WARN_UNDECLARED_SELECTOR = YES;
				GCC_WARN_UNINITIALIZED_AUTOS = YES_AGGRESSIVE;
				GCC_WARN_UNUSED_FUNCTION = YES;
				GCC_WARN_UNUSED_VARIABLE = YES;
				IPHONEOS_DEPLOYMENT_TARGET = 15.5;
				MTL_ENABLE_DEBUG_INFO = INCLUDE_SOURCE;
				MTL_FAST_MATH = YES;
				ONLY_ACTIVE_ARCH = YES;
				SDKROOT = iphoneos;
				SWIFT_ACTIVE_COMPILATION_CONDITIONS = DEBUG;
				SWIFT_OPTIMIZATION_LEVEL = "-Onone";
			};
			name = Debug;
		};
		0BC24A12283997A900689AA4 /* Release */ = {
			isa = XCBuildConfiguration;
			buildSettings = {
				ALWAYS_SEARCH_USER_PATHS = NO;
				CLANG_ANALYZER_NONNULL = YES;
				CLANG_ANALYZER_NUMBER_OBJECT_CONVERSION = YES_AGGRESSIVE;
				CLANG_CXX_LANGUAGE_STANDARD = "gnu++17";
				CLANG_ENABLE_MODULES = YES;
				CLANG_ENABLE_OBJC_ARC = YES;
				CLANG_ENABLE_OBJC_WEAK = YES;
				CLANG_WARN_BLOCK_CAPTURE_AUTORELEASING = YES;
				CLANG_WARN_BOOL_CONVERSION = YES;
				CLANG_WARN_COMMA = YES;
				CLANG_WARN_CONSTANT_CONVERSION = YES;
				CLANG_WARN_DEPRECATED_OBJC_IMPLEMENTATIONS = YES;
				CLANG_WARN_DIRECT_OBJC_ISA_USAGE = YES_ERROR;
				CLANG_WARN_DOCUMENTATION_COMMENTS = YES;
				CLANG_WARN_EMPTY_BODY = YES;
				CLANG_WARN_ENUM_CONVERSION = YES;
				CLANG_WARN_INFINITE_RECURSION = YES;
				CLANG_WARN_INT_CONVERSION = YES;
				CLANG_WARN_NON_LITERAL_NULL_CONVERSION = YES;
				CLANG_WARN_OBJC_IMPLICIT_RETAIN_SELF = YES;
				CLANG_WARN_OBJC_LITERAL_CONVERSION = YES;
				CLANG_WARN_OBJC_ROOT_CLASS = YES_ERROR;
				CLANG_WARN_QUOTED_INCLUDE_IN_FRAMEWORK_HEADER = YES;
				CLANG_WARN_RANGE_LOOP_ANALYSIS = YES;
				CLANG_WARN_STRICT_PROTOTYPES = YES;
				CLANG_WARN_SUSPICIOUS_MOVE = YES;
				CLANG_WARN_UNGUARDED_AVAILABILITY = YES_AGGRESSIVE;
				CLANG_WARN_UNREACHABLE_CODE = YES;
				CLANG_WARN__DUPLICATE_METHOD_MATCH = YES;
				COPY_PHASE_STRIP = NO;
				DEBUG_INFORMATION_FORMAT = "dwarf-with-dsym";
				ENABLE_NS_ASSERTIONS = NO;
				ENABLE_STRICT_OBJC_MSGSEND = YES;
				GCC_C_LANGUAGE_STANDARD = gnu11;
				GCC_NO_COMMON_BLOCKS = YES;
				GCC_WARN_64_TO_32_BIT_CONVERSION = YES;
				GCC_WARN_ABOUT_RETURN_TYPE = YES_ERROR;
				GCC_WARN_UNDECLARED_SELECTOR = YES;
				GCC_WARN_UNINITIALIZED_AUTOS = YES_AGGRESSIVE;
				GCC_WARN_UNUSED_FUNCTION = YES;
				GCC_WARN_UNUSED_VARIABLE = YES;
				IPHONEOS_DEPLOYMENT_TARGET = 15.5;
				MTL_ENABLE_DEBUG_INFO = NO;
				MTL_FAST_MATH = YES;
				SDKROOT = iphoneos;
				SWIFT_COMPILATION_MODE = wholemodule;
				SWIFT_OPTIMIZATION_LEVEL = "-O";
				VALIDATE_PRODUCT = YES;
			};
			name = Release;
		};
		0BC24A14283997A900689AA4 /* Debug */ = {
			isa = XCBuildConfiguration;
			buildSettings = {
				CODE_SIGN_STYLE = Automatic;
				DEVELOPMENT_TEAM = UYFSQ99RDC;
				OTHER_LDFLAGS = "-ObjC";
				PRODUCT_NAME = "$(TARGET_NAME)";
				SKIP_INSTALL = YES;
				SWIFT_VERSION = 5.0;
				TARGETED_DEVICE_FAMILY = "1,2";
			};
			name = Debug;
		};
		0BC24A15283997A900689AA4 /* Release */ = {
			isa = XCBuildConfiguration;
			buildSettings = {
				CODE_SIGN_STYLE = Automatic;
				DEVELOPMENT_TEAM = UYFSQ99RDC;
				OTHER_LDFLAGS = "-ObjC";
				PRODUCT_NAME = "$(TARGET_NAME)";
				SKIP_INSTALL = YES;
				SWIFT_VERSION = 5.0;
				TARGETED_DEVICE_FAMILY = "1,2";
			};
			name = Release;
		};
/* End XCBuildConfiguration section */

/* Begin XCConfigurationList section */
		0BC24A07283997A900689AA4 /* Build configuration list for PBXProject "SwiftUtils" */ = {
			isa = XCConfigurationList;
			buildConfigurations = (
				0BC24A11283997A900689AA4 /* Debug */,
				0BC24A12283997A900689AA4 /* Release */,
			);
			defaultConfigurationIsVisible = 0;
			defaultConfigurationName = Release;
		};
		0BC24A13283997A900689AA4 /* Build configuration list for PBXNativeTarget "SwiftUtils" */ = {
			isa = XCConfigurationList;
			buildConfigurations = (
				0BC24A14283997A900689AA4 /* Debug */,
				0BC24A15283997A900689AA4 /* Release */,
			);
			defaultConfigurationIsVisible = 0;
			defaultConfigurationName = Release;
		};
/* End XCConfigurationList section */
	};
	rootObject = 0BC24A04283997A900689AA4 /* Project object */;
}
